{
  "version": 4,
  "terraform_version": "1.12.0",
  "serial": 6,
  "lineage": "45c60e60-2e85-1f32-bbf4-49e1a8d2a7e0",
  "outputs": {},
  "resources": [
    {
      "mode": "managed",
      "type": "aws_key_pair",
      "name": "lab2-keypair",
      "provider": "provider[\"registry.terraform.io/hashicorp/aws\"]",
      "instances": [
        {
          "schema_version": 1,
          "attributes": {
            "arn": "arn:aws:ec2:ap-southeast-1:533267354360:key-pair/testlab2-keypair",
            "fingerprint": "c0:2a:d0:1f:12:9f:24:26:d3:1e:35:b6:da:1c:35:5b",
            "id": "testlab2-keypair",
            "key_name": "testlab2-keypair",
            "key_name_prefix": "",
            "key_pair_id": "key-09bae05ee0dfc25e6",
            "key_type": "rsa",
            "public_key": "ssh-rsa AAAAB3NzaC1yc2EAAAADAQABAAACAQCi/+KZLsQTxhp7EXd1TX4cIMZ+7WDfIODm8a55i05FQV0VV7y3M2WgucKILrY9XbCEr8kGyVbaoI87gExafJkGPvnF0gsVc8KenQnR2+xWhSrbM79C19EmTk4HTPmNOlefM5xRrTzYKeB4WLCY9JChwGDOvxFX6NGhZolJ0TYjcasdh6UkOczUO9o6r4mGhMIF+vbzKa+WqPYFsX7B24FxfWB6V84Th+vq50y7lJxZ2u3iVRIIdMk44EOU1yxPvux9bmI7SzY+vAy0HyMKNnXTneSyPk4l8imUtlUWjuQdGAR2gWuqVxDwEDNA+FvSFG7NllpDfTObwvgmvCEZIEaFapKsWDKdz+n6UprSQOB/1XzyR2Buv2VYbYgCwBZYgu1n0Hf/vFg34nMm6Fndl8GyKLTz2od1BE3U3oEMDV1JdNy/js0XY3/Y+TDa3jpmlm4gER5Ki9KsFFOgwoQHr1xC7WKo9sEbftklTVxD4hCMmXuIofhGXnlZEYreNcuZlzvLKRCxhGEqeoEWUHIfucxu2cl4h3goiYLtVPRJhNjV8B/URzAaiUsOdG0CiEEPGQbQph/mMXBDg9RpGuzYcb3TT3voVAhOBuTvXlTOxQnnBVjeYLI6aRWshyPauafvoYFVd6thLhPhRGbSxPl0LsrtcPU4Go646uJdaF6tktBW1Q== Anh Truong@Lenovo",
            "tags": null,
            "tags_all": {}
          },
          "sensitive_attributes": [],
          "private": "eyJzY2hlbWFfdmVyc2lvbiI6IjEifQ=="
        }
      ]
    },
    {
      "mode": "managed",
      "type": "aws_security_group",
      "name": "test-security-group",
      "provider": "provider[\"registry.terraform.io/hashicorp/aws\"]",
      "instances": [
        {
          "schema_version": 1,
          "attributes": {
            "arn": "arn:aws:ec2:ap-southeast-1:533267354360:security-group/sg-0ab58a3e129453c1c",
            "description": "Allow SSH and HTTP traffic",
            "egress": [
              {
                "cidr_blocks": [
                  "0.0.0.0/0"
                ],
                "description": "",
                "from_port": 0,
                "ipv6_cidr_blocks": [],
                "prefix_list_ids": [],
                "protocol": "-1",
                "security_groups": [],
                "self": false,
                "to_port": 0
              }
            ],
            "id": "sg-0ab58a3e129453c1c",
            "ingress": [
              {
                "cidr_blocks": [
                  "0.0.0.0/0"
                ],
                "description": "",
                "from_port": 22,
                "ipv6_cidr_blocks": [],
                "prefix_list_ids": [],
                "protocol": "tcp",
                "security_groups": [],
                "self": false,
                "to_port": 22
              },
              {
                "cidr_blocks": [
                  "0.0.0.0/0"
                ],
                "description": "",
                "from_port": 80,
                "ipv6_cidr_blocks": [],
                "prefix_list_ids": [],
                "protocol": "tcp",
                "security_groups": [],
                "self": false,
                "to_port": 80
              }
            ],
            "name": "test-security-group",
            "name_prefix": "",
            "owner_id": "533267354360",
            "revoke_rules_on_delete": false,
            "tags": {},
            "tags_all": {},
            "timeouts": null,
            "vpc_id": "vpc-043aa266bb37e4a65"
          },
          "sensitive_attributes": [],
          "private": "eyJlMmJmYjczMC1lY2FhLTExZTYtOGY4OC0zNDM2M2JjN2M0YzAiOnsiY3JlYXRlIjo2MDAwMDAwMDAwMDAsImRlbGV0ZSI6OTAwMDAwMDAwMDAwfSwic2NoZW1hX3ZlcnNpb24iOiIxIn0="
        }
      ]
    }
  ],
  "check_results": null
}
